PODS:
  - Capacitor (5.0.4):
    - CapacitorCordova
  - CapacitorApp (5.0.3):
    - Capacitor
  - CapacitorCordova (5.0.4)
  - CapacitorHaptics (5.0.2):
    - Capacitor
  - CapacitorKeyboard (5.0.4):
    - Capacitor
  - CapacitorStatusBar (5.0.2):
    - Capacitor
  - CordovaPlugins (5.0.5):
    - CapacitorCordova

DEPENDENCIES:
  - "Capacitor (from `../../node_modules/@capacitor/ios`)"
  - "CapacitorApp (from `../../node_modules/@capacitor/app`)"
  - "CapacitorCordova (from `../../node_modules/@capacitor/ios`)"
  - "CapacitorHaptics (from `../../node_modules/@capacitor/haptics`)"
  - "CapacitorKeyboard (from `../../node_modules/@capacitor/keyboard`)"
  - "CapacitorStatusBar (from `../../node_modules/@capacitor/status-bar`)"
  - CordovaPlugins (from `../capacitor-cordova-ios-plugins`)

EXTERNAL SOURCES:
  Capacitor:
    :path: "../../node_modules/@capacitor/ios"
  CapacitorApp:
    :path: "../../node_modules/@capacitor/app"
  CapacitorCordova:
    :path: "../../node_modules/@capacitor/ios"
  CapacitorHaptics:
    :path: "../../node_modules/@capacitor/haptics"
  CapacitorKeyboard:
    :path: "../../node_modules/@capacitor/keyboard"
  CapacitorStatusBar:
    :path: "../../node_modules/@capacitor/status-bar"
  CordovaPlugins:
    :path: "../capacitor-cordova-ios-plugins"

SPEC CHECKSUMS:
  Capacitor: d3d4463573438b9fa65326d1f3549da6f4c21634
  CapacitorApp: 7a5dec8b33573707164b293475d5c89ba684364a
  CapacitorCordova: b1fe6bf1f36974a8e4a9044b342d22d49c0996d6
  CapacitorHaptics: 864585542a435bd41eaabf7f30d9ff5ec03024d3
  CapacitorKeyboard: d1b25fde6f19744ad09c890862aefc6e2a7ded3d
  CapacitorStatusBar: 48f2899f6846cc7d8431b251ebfc58e1c10e3d58
  CordovaPlugins: c4f9ca04cba7a66c403deae0ac9cfea962a8ae33

PODFILE CHECKSUM: 0381d09167db361ed446a10f049fd27bab1b40b1

COCOAPODS: 1.12.1
